
Microsoft Visual Studio Solution File, Format Version 12.00
# Visual Studio Version 17
VisualStudioVersion = 17.5.33516.290
MinimumVisualStudioVersion = 10.0.40219.1
Project("{FAE04EC0-301F-11D3-BF4B-00C04F79EFBC}") = "練習比對", "練習比對\練習比對.csproj", "{14C5B9CB-0EB3-401B-8EEB-2209F5A04A5D}"
EndProject
Project("{FAE04EC0-301F-11D3-BF4B-00C04F79EFBC}") = "老師版本", "老師版本\老師版本.csproj", "{6FA4943F-39D6-4D1A-9489-AC46FC9476D2}"
EndProject
Global
	GlobalSection(SolutionConfigurationPlatforms) = preSolution
		Debug|Any CPU = Debug|Any CPU
		Release|Any CPU = Release|Any CPU
	EndGlobalSection
	GlobalSection(ProjectConfigurationPlatforms) = postSolution
		{14C5B9CB-0EB3-401B-8EEB-2209F5A04A5D}.Debug|Any CPU.ActiveCfg = Debug|Any CPU
		{14C5B9CB-0EB3-401B-8EEB-2209F5A04A5D}.Debug|Any CPU.Build.0 = Debug|Any CPU
		{14C5B9CB-0EB3-401B-8EEB-2209F5A04A5D}.Release|Any CPU.ActiveCfg = Release|Any CPU
		{14C5B9CB-0EB3-401B-8EEB-2209F5A04A5D}.Release|Any CPU.Build.0 = Release|Any CPU
		{6FA4943F-39D6-4D1A-9489-AC46FC9476D2}.Debug|Any CPU.ActiveCfg = Debug|Any CPU
		{6FA4943F-39D6-4D1A-9489-AC46FC9476D2}.Debug|Any CPU.Build.0 = Debug|Any CPU
		{6FA4943F-39D6-4D1A-9489-AC46FC9476D2}.Release|Any CPU.ActiveCfg = Release|Any CPU
		{6FA4943F-39D6-4D1A-9489-AC46FC9476D2}.Release|Any CPU.Build.0 = Release|Any CPU
	EndGlobalSection
	GlobalSection(SolutionProperties) = preSolution
		HideSolutionNode = FALSE
	EndGlobalSection
	GlobalSection(ExtensibilityGlobals) = postSolution
		SolutionGuid = {36859345-D777-4E36-98D2-54AD58E25EC6}
	EndGlobalSection
EndGlobal
